
Microsoft Visual Studio Solution File, Format Version 12.00
# Visual Studio 15
VisualStudioVersion = 15.0.27004.2009
MinimumVisualStudioVersion = 10.0.40219.1
Project("{FAE04EC0-301F-11D3-BF4B-00C04F79EFBC}") = "VeryImportantFloorService", "VeryImportantFloorService\VeryImportantFloorService.csproj", "{DD865D68-59FA-417A-8666-D89F7DDF5A69}"
EndProject
Global
	GlobalSection(SolutionConfigurationPlatforms) = preSolution
		Debug|Any CPU = Debug|Any CPU
		Release|Any CPU = Release|Any CPU
	EndGlobalSection
	GlobalSection(ProjectConfigurationPlatforms) = postSolution
		{DD865D68-59FA-417A-8666-D89F7DDF5A69}.Debug|Any CPU.ActiveCfg = Debug|Any CPU
		{DD865D68-59FA-417A-8666-D89F7DDF5A69}.Debug|Any CPU.Build.0 = Debug|Any CPU
		{DD865D68-59FA-417A-8666-D89F7DDF5A69}.Release|Any CPU.ActiveCfg = Release|Any CPU
		{DD865D68-59FA-417A-8666-D89F7DDF5A69}.Release|Any CPU.Build.0 = Release|Any CPU
	EndGlobalSection
	GlobalSection(SolutionProperties) = preSolution
		HideSolutionNode = FALSE
	EndGlobalSection
	GlobalSection(ExtensibilityGlobals) = postSolution
		SolutionGuid = {D6BAB671-0949-4482-8EB7-C06F51A55435}
	EndGlobalSection
EndGlobal
